
Microsoft Visual Studio Solution File, Format Version 12.00
# Visual Studio Version 17
VisualStudioVersion = 17.3.32929.385
MinimumVisualStudioVersion = 10.0.40219.1
Project("{FAE04EC0-301F-11D3-BF4B-00C04F79EFBC}") = "ExpenseCalculator", "ExpenseCalculator\ExpenseCalculator.csproj", "{5B228490-22D8-4159-91FC-007577ECB946}"
EndProject
Global
	GlobalSection(SolutionConfigurationPlatforms) = preSolution
		Debug|Any CPU = Debug|Any CPU
		Release|Any CPU = Release|Any CPU
	EndGlobalSection
	GlobalSection(ProjectConfigurationPlatforms) = postSolution
		{5B228490-22D8-4159-91FC-007577ECB946}.Debug|Any CPU.ActiveCfg = Debug|Any CPU
		{5B228490-22D8-4159-91FC-007577ECB946}.Debug|Any CPU.Build.0 = Debug|Any CPU
		{5B228490-22D8-4159-91FC-007577ECB946}.Release|Any CPU.ActiveCfg = Release|Any CPU
		{5B228490-22D8-4159-91FC-007577ECB946}.Release|Any CPU.Build.0 = Release|Any CPU
	EndGlobalSection
	GlobalSection(SolutionProperties) = preSolution
		HideSolutionNode = FALSE
	EndGlobalSection
	GlobalSection(ExtensibilityGlobals) = postSolution
		SolutionGuid = {EEB0EC90-40BF-48E7-BDAE-97A2F55EE22C}
	EndGlobalSection
EndGlobal
